{
  "name": "gedyx-query-builder-mysql",
  "version": "1.0.4",
  "lockfileVersion": 2,
  "requires": true,
  "packages": {
    "": {
      "name": "gedyx-query-builder-mysql",
      "version": "1.0.4",
      "license": "ISC",
      "dependencies": {
        "gedyx-query-builder": "^1.0.1",
        "sqlstring": "^2.3.3"
      }
    },
    "node_modules/gedyx-query-builder": {
      "version": "1.0.1",
      "resolved": "https://registry.npmjs.org/gedyx-query-builder/-/gedyx-query-builder-1.0.1.tgz",
      "integrity": "sha512-Az+LO2Tr2HtG6e+Q0Hq1iSW/yQWNMxOlCfV79laLEcLwzLgQRbaDuOBIclUofEgEO91QAcc5xd6dy/ydJThwRg=="
    },
    "node_modules/sqlstring": {
      "version": "2.3.3",
      "resolved": "https://registry.npmjs.org/sqlstring/-/sqlstring-2.3.3.tgz",
      "integrity": "sha512-qC9iz2FlN7DQl3+wjwn3802RTyjCx7sDvfQEXchwa6CWOx07/WVfh91gBmQ9fahw8snwGEWU3xGzOt4tFyHLxg==",
      "engines": {
        "node": ">= 0.6"
      }
    }
  },
  "dependencies": {
    "gedyx-query-builder": {
      "version": "1.0.1",
      "resolved": "https://registry.npmjs.org/gedyx-query-builder/-/gedyx-query-builder-1.0.1.tgz",
      "integrity": "sha512-Az+LO2Tr2HtG6e+Q0Hq1iSW/yQWNMxOlCfV79laLEcLwzLgQRbaDuOBIclUofEgEO91QAcc5xd6dy/ydJThwRg=="
    },
    "sqlstring": {
      "version": "2.3.3",
      "resolved": "https://registry.npmjs.org/sqlstring/-/sqlstring-2.3.3.tgz",
      "integrity": "sha512-qC9iz2FlN7DQl3+wjwn3802RTyjCx7sDvfQEXchwa6CWOx07/WVfh91gBmQ9fahw8snwGEWU3xGzOt4tFyHLxg=="
    }
  }
}
