{
  "name": "gedyx-action",
  "version": "1.0.1",
  "lockfileVersion": 2,
  "requires": true,
  "packages": {
    "": {
      "version": "1.0.1",
      "license": "ISC",
      "dependencies": {
        "gedyx-middleware": "^1.0.2"
      }
    },
    "node_modules/gedyx-middleware": {
      "version": "1.0.2",
      "resolved": "https://registry.npmjs.org/gedyx-middleware/-/gedyx-middleware-1.0.2.tgz",
      "integrity": "sha512-2hQUyhOAHtP89OrAzaF/KTGLa3v5k7ar68pBO3vyT18coY2oTOyQMLCOTlVTLrMV4MGY7G1cECQxXrBxrrfLAQ=="
    }
  },
  "dependencies": {
    "gedyx-middleware": {
      "version": "1.0.2",
      "resolved": "https://registry.npmjs.org/gedyx-middleware/-/gedyx-middleware-1.0.2.tgz",
      "integrity": "sha512-2hQUyhOAHtP89OrAzaF/KTGLa3v5k7ar68pBO3vyT18coY2oTOyQMLCOTlVTLrMV4MGY7G1cECQxXrBxrrfLAQ=="
    }
  }
}
