{
  "name": "gedyx-action-manager",
  "version": "1.0.5",
  "lockfileVersion": 2,
  "requires": true,
  "packages": {
    "": {
      "version": "1.0.5",
      "license": "ISC",
      "dependencies": {
        "gedyx-action": "^1.0.2",
        "gedyx-loader": "^1.0.2",
        "gedyx-middleware-manager": "^1.0.0",
        "gedyx-session": "^1.0.0"
      }
    },
    "node_modules/gedyx-action": {
      "version": "1.0.2",
      "resolved": "https://registry.npmjs.org/gedyx-action/-/gedyx-action-1.0.2.tgz",
      "integrity": "sha512-FXcj6LOEDzveZy7A04VtyHibtdm7t8K7eSh4PqU6yAQz/9jRW3c/gzlMZh0wZZgpLZLc59RVClXXASngmwzXeA==",
      "dependencies": {
        "gedyx-middleware": "^1.0.2"
      }
    },
    "node_modules/gedyx-loader": {
      "version": "1.0.2",
      "resolved": "https://registry.npmjs.org/gedyx-loader/-/gedyx-loader-1.0.2.tgz",
      "integrity": "sha512-2njaQtpA+t87zxijqneIw18F76lG9DRKhGPndD7siNGx10n05zg66PzOuei1asalDrZMRKtwm9UmkAMOmDG95w=="
    },
    "node_modules/gedyx-middleware": {
      "version": "1.0.2",
      "resolved": "https://registry.npmjs.org/gedyx-middleware/-/gedyx-middleware-1.0.2.tgz",
      "integrity": "sha512-2hQUyhOAHtP89OrAzaF/KTGLa3v5k7ar68pBO3vyT18coY2oTOyQMLCOTlVTLrMV4MGY7G1cECQxXrBxrrfLAQ=="
    },
    "node_modules/gedyx-middleware-manager": {
      "version": "1.0.0",
      "resolved": "https://registry.npmjs.org/gedyx-middleware-manager/-/gedyx-middleware-manager-1.0.0.tgz",
      "integrity": "sha512-lukqYj89TLbcUqEp4/F5YqD/2s/H8JnwJz52rcUYxk3Z6Cwkvcr0XwUtPJEj4aBcs3ozr232CGCuk/W/GGllTw==",
      "dependencies": {
        "gedyx-middleware": "^1.0.2"
      }
    },
    "node_modules/gedyx-session": {
      "version": "1.0.0",
      "resolved": "https://registry.npmjs.org/gedyx-session/-/gedyx-session-1.0.0.tgz",
      "integrity": "sha512-HzTcyK32x3rZcGzZDhXVYVzy7MQjXsrbThaDT1Xc0heZjXVt3V2bwckxhnBHZ8PNLKTZOyTk6hB8hQhsPonaYw=="
    }
  },
  "dependencies": {
    "gedyx-action": {
      "version": "1.0.2",
      "resolved": "https://registry.npmjs.org/gedyx-action/-/gedyx-action-1.0.2.tgz",
      "integrity": "sha512-FXcj6LOEDzveZy7A04VtyHibtdm7t8K7eSh4PqU6yAQz/9jRW3c/gzlMZh0wZZgpLZLc59RVClXXASngmwzXeA==",
      "requires": {
        "gedyx-middleware": "^1.0.2"
      }
    },
    "gedyx-loader": {
      "version": "1.0.2",
      "resolved": "https://registry.npmjs.org/gedyx-loader/-/gedyx-loader-1.0.2.tgz",
      "integrity": "sha512-2njaQtpA+t87zxijqneIw18F76lG9DRKhGPndD7siNGx10n05zg66PzOuei1asalDrZMRKtwm9UmkAMOmDG95w=="
    },
    "gedyx-middleware": {
      "version": "1.0.2",
      "resolved": "https://registry.npmjs.org/gedyx-middleware/-/gedyx-middleware-1.0.2.tgz",
      "integrity": "sha512-2hQUyhOAHtP89OrAzaF/KTGLa3v5k7ar68pBO3vyT18coY2oTOyQMLCOTlVTLrMV4MGY7G1cECQxXrBxrrfLAQ=="
    },
    "gedyx-middleware-manager": {
      "version": "1.0.0",
      "resolved": "https://registry.npmjs.org/gedyx-middleware-manager/-/gedyx-middleware-manager-1.0.0.tgz",
      "integrity": "sha512-lukqYj89TLbcUqEp4/F5YqD/2s/H8JnwJz52rcUYxk3Z6Cwkvcr0XwUtPJEj4aBcs3ozr232CGCuk/W/GGllTw==",
      "requires": {
        "gedyx-middleware": "^1.0.2"
      }
    },
    "gedyx-session": {
      "version": "1.0.0",
      "resolved": "https://registry.npmjs.org/gedyx-session/-/gedyx-session-1.0.0.tgz",
      "integrity": "sha512-HzTcyK32x3rZcGzZDhXVYVzy7MQjXsrbThaDT1Xc0heZjXVt3V2bwckxhnBHZ8PNLKTZOyTk6hB8hQhsPonaYw=="
    }
  }
}
