{
  "name": "gedyx-action-socket",
  "version": "1.0.0",
  "lockfileVersion": 2,
  "requires": true,
  "packages": {
    "": {
      "version": "1.0.0",
      "license": "ISC",
      "dependencies": {
        "gedyx-action": "^1.0.0",
        "gedyx-middleware": "^1.0.2"
      }
    },
    "node_modules/gedyx-action": {
      "version": "1.0.0",
      "resolved": "https://registry.npmjs.org/gedyx-action/-/gedyx-action-1.0.0.tgz",
      "integrity": "sha512-kzXC/4DTbFavLpFATehnwfWoJvgWLpWZmOy7bgKy7cwu991/D4jiOJ0hqUa9y/1YlMxTFrGKFk0b3YPKik6E3Q=="
    },
    "node_modules/gedyx-middleware": {
      "version": "1.0.2",
      "resolved": "https://registry.npmjs.org/gedyx-middleware/-/gedyx-middleware-1.0.2.tgz",
      "integrity": "sha512-2hQUyhOAHtP89OrAzaF/KTGLa3v5k7ar68pBO3vyT18coY2oTOyQMLCOTlVTLrMV4MGY7G1cECQxXrBxrrfLAQ=="
    }
  },
  "dependencies": {
    "gedyx-action": {
      "version": "1.0.0",
      "resolved": "https://registry.npmjs.org/gedyx-action/-/gedyx-action-1.0.0.tgz",
      "integrity": "sha512-kzXC/4DTbFavLpFATehnwfWoJvgWLpWZmOy7bgKy7cwu991/D4jiOJ0hqUa9y/1YlMxTFrGKFk0b3YPKik6E3Q=="
    },
    "gedyx-middleware": {
      "version": "1.0.2",
      "resolved": "https://registry.npmjs.org/gedyx-middleware/-/gedyx-middleware-1.0.2.tgz",
      "integrity": "sha512-2hQUyhOAHtP89OrAzaF/KTGLa3v5k7ar68pBO3vyT18coY2oTOyQMLCOTlVTLrMV4MGY7G1cECQxXrBxrrfLAQ=="
    }
  }
}
